<?xml version="1.0" encoding="utf-8"?>
<Project ToolsVersion="17.0" xmlns="http://schemas.microsoft.com/developer/msbuild/2003">
  <ItemGroup>
    <ClCompile Include="D:\Code\MoBuRigLogic\src\library.cxx">
      <Filter>Source Files</Filter>
    </ClCompile>
    <ClCompile Include="D:\Code\MoBuRigLogic\src\riglogicbody_constraint.cxx">
      <Filter>Source Files</Filter>
    </ClCompile>
    <ClCompile Include="D:\Code\MoBuRigLogic\src\riglogichead_constraint.cxx">
      <Filter>Source Files</Filter>
    </ClCompile>
  </ItemGroup>
  <ItemGroup>
    <ClInclude Include="D:\Code\MoBuRigLogic\src\riglogicbody_constraint.h">
      <Filter>Header Files</Filter>
    </ClInclude>
    <ClInclude Include="D:\Code\MoBuRigLogic\src\riglogichead_constraint.h">
      <Filter>Header Files</Filter>
    </ClInclude>
  </ItemGroup>
  <ItemGroup>
    <CustomBuild Include="D:\Code\MoBuRigLogic\CMakeLists.txt" />
  </ItemGroup>
  <ItemGroup>
    <Filter Include="Header Files">
      <UniqueIdentifier>{B426EAE6-8300-3AF3-BB7C-CB49BF86CAF7}</UniqueIdentifier>
    </Filter>
    <Filter Include="Source Files">
      <UniqueIdentifier>{642A6010-DC0E-30DD-B9FD-4A5FBF89FCC6}</UniqueIdentifier>
    </Filter>
  </ItemGroup>
</Project>
