
Microsoft Visual Studio Solution File, Format Version 12.00
# Visual Studio Version 17
Project("{8BC9CEB8-8B4A-11D0-8D11-00A0C91BC942}") = "ALL_BUILD", "ALL_BUILD.vcxproj", "{827A67BD-16BE-3711-B7CE-4BE24962254A}"
	ProjectSection(ProjectDependencies) = postProject
		{8D8B0D6D-ACCF-3D8D-811A-343939F07382} = {8D8B0D6D-ACCF-3D8D-811A-343939F07382}
		{822130B7-1088-30C7-8905-3A5B95C48748} = {822130B7-1088-30C7-8905-3A5B95C48748}
	EndProjectSection
EndProject
Project("{8BC9CEB8-8B4A-11D0-8D11-00A0C91BC942}") = "ZERO_CHECK", "ZERO_CHECK.vcxproj", "{8D8B0D6D-ACCF-3D8D-811A-343939F07382}"
	ProjectSection(ProjectDependencies) = postProject
	EndProjectSection
EndProject
Project("{8BC9CEB8-8B4A-11D0-8D11-00A0C91BC942}") = "moburiglogic", "moburiglogic.vcxproj", "{822130B7-1088-30C7-8905-3A5B95C48748}"
	ProjectSection(ProjectDependencies) = postProject
		{8D8B0D6D-ACCF-3D8D-811A-343939F07382} = {8D8B0D6D-ACCF-3D8D-811A-343939F07382}
	EndProjectSection
EndProject
Global
	GlobalSection(SolutionConfigurationPlatforms) = preSolution
		Debug|x64 = Debug|x64
		Release|x64 = Release|x64
		MinSizeRel|x64 = MinSizeRel|x64
		RelWithDebInfo|x64 = RelWithDebInfo|x64
	EndGlobalSection
	GlobalSection(ProjectConfigurationPlatforms) = postSolution
		{827A67BD-16BE-3711-B7CE-4BE24962254A}.Debug|x64.ActiveCfg = Debug|x64
		{827A67BD-16BE-3711-B7CE-4BE24962254A}.Release|x64.ActiveCfg = Release|x64
		{827A67BD-16BE-3711-B7CE-4BE24962254A}.MinSizeRel|x64.ActiveCfg = MinSizeRel|x64
		{827A67BD-16BE-3711-B7CE-4BE24962254A}.RelWithDebInfo|x64.ActiveCfg = RelWithDebInfo|x64
		{8D8B0D6D-ACCF-3D8D-811A-343939F07382}.Debug|x64.ActiveCfg = Debug|x64
		{8D8B0D6D-ACCF-3D8D-811A-343939F07382}.Debug|x64.Build.0 = Debug|x64
		{8D8B0D6D-ACCF-3D8D-811A-343939F07382}.Release|x64.ActiveCfg = Release|x64
		{8D8B0D6D-ACCF-3D8D-811A-343939F07382}.Release|x64.Build.0 = Release|x64
		{8D8B0D6D-ACCF-3D8D-811A-343939F07382}.MinSizeRel|x64.ActiveCfg = MinSizeRel|x64
		{8D8B0D6D-ACCF-3D8D-811A-343939F07382}.MinSizeRel|x64.Build.0 = MinSizeRel|x64
		{8D8B0D6D-ACCF-3D8D-811A-343939F07382}.RelWithDebInfo|x64.ActiveCfg = RelWithDebInfo|x64
		{8D8B0D6D-ACCF-3D8D-811A-343939F07382}.RelWithDebInfo|x64.Build.0 = RelWithDebInfo|x64
		{822130B7-1088-30C7-8905-3A5B95C48748}.Debug|x64.ActiveCfg = Debug|x64
		{822130B7-1088-30C7-8905-3A5B95C48748}.Debug|x64.Build.0 = Debug|x64
		{822130B7-1088-30C7-8905-3A5B95C48748}.Release|x64.ActiveCfg = Release|x64
		{822130B7-1088-30C7-8905-3A5B95C48748}.Release|x64.Build.0 = Release|x64
		{822130B7-1088-30C7-8905-3A5B95C48748}.MinSizeRel|x64.ActiveCfg = MinSizeRel|x64
		{822130B7-1088-30C7-8905-3A5B95C48748}.MinSizeRel|x64.Build.0 = MinSizeRel|x64
		{822130B7-1088-30C7-8905-3A5B95C48748}.RelWithDebInfo|x64.ActiveCfg = RelWithDebInfo|x64
		{822130B7-1088-30C7-8905-3A5B95C48748}.RelWithDebInfo|x64.Build.0 = RelWithDebInfo|x64
	EndGlobalSection
	GlobalSection(ExtensibilityGlobals) = postSolution
		SolutionGuid = {12B45DC3-78E9-32CF-B746-9595E3C41365}
	EndGlobalSection
	GlobalSection(ExtensibilityAddIns) = postSolution
	EndGlobalSection
EndGlobal
